
Microsoft Visual Studio Solution File, Format Version 12.00
# Visual Studio 14
VisualStudioVersion = 14.0.25123.0
MinimumVisualStudioVersion = 10.0.40219.1
Project("{FAE04EC0-301F-11D3-BF4B-00C04F79EFBC}") = "Elicon.Domain", "Elicon.Domain\Elicon.Domain.csproj", "{5FBAEE42-C988-4DAD-A631-DC37584502ED}"
EndProject
Project("{FAE04EC0-301F-11D3-BF4B-00C04F79EFBC}") = "Elicon.DataAccess", "Elicon.DataAccess\Elicon.DataAccess.csproj", "{CC0E896B-A827-47C1-A2D2-73E89B09BBF9}"
EndProject
Project("{FAE04EC0-301F-11D3-BF4B-00C04F79EFBC}") = "Elicon.Console.UI", "Elicon.Console.UI\Elicon.Console.UI.csproj", "{0D3B6D02-ED86-4F73-B20E-D3FDB79F907F}"
EndProject
Project("{FAE04EC0-301F-11D3-BF4B-00C04F79EFBC}") = "Elicon.Console.Config", "Elicon.Console.Config\Elicon.Console.Config.csproj", "{342A4E45-2363-44A7-AAEA-F4A6E91C58E9}"
EndProject
Project("{FAE04EC0-301F-11D3-BF4B-00C04F79EFBC}") = "Elicon.Framework", "Elicon.Framework\Elicon.Framework.csproj", "{3D3BA074-754A-4AA5-9790-DBE1184D5A7B}"
EndProject
Project("{FAE04EC0-301F-11D3-BF4B-00C04F79EFBC}") = "Elicon.Domain.Tests", "Elicon.Domain.Tests\Elicon.Domain.Tests.csproj", "{DD0956D7-6583-4F43-99BD-A1429D99494B}"
EndProject
Global
	GlobalSection(SolutionConfigurationPlatforms) = preSolution
		Debug|Any CPU = Debug|Any CPU
		Release|Any CPU = Release|Any CPU
	EndGlobalSection
	GlobalSection(ProjectConfigurationPlatforms) = postSolution
		{5FBAEE42-C988-4DAD-A631-DC37584502ED}.Debug|Any CPU.ActiveCfg = Debug|Any CPU
		{5FBAEE42-C988-4DAD-A631-DC37584502ED}.Debug|Any CPU.Build.0 = Debug|Any CPU
		{5FBAEE42-C988-4DAD-A631-DC37584502ED}.Release|Any CPU.ActiveCfg = Release|Any CPU
		{5FBAEE42-C988-4DAD-A631-DC37584502ED}.Release|Any CPU.Build.0 = Release|Any CPU
		{CC0E896B-A827-47C1-A2D2-73E89B09BBF9}.Debug|Any CPU.ActiveCfg = Debug|Any CPU
		{CC0E896B-A827-47C1-A2D2-73E89B09BBF9}.Debug|Any CPU.Build.0 = Debug|Any CPU
		{CC0E896B-A827-47C1-A2D2-73E89B09BBF9}.Release|Any CPU.ActiveCfg = Release|Any CPU
		{CC0E896B-A827-47C1-A2D2-73E89B09BBF9}.Release|Any CPU.Build.0 = Release|Any CPU
		{0D3B6D02-ED86-4F73-B20E-D3FDB79F907F}.Debug|Any CPU.ActiveCfg = Debug|Any CPU
		{0D3B6D02-ED86-4F73-B20E-D3FDB79F907F}.Debug|Any CPU.Build.0 = Debug|Any CPU
		{0D3B6D02-ED86-4F73-B20E-D3FDB79F907F}.Release|Any CPU.ActiveCfg = Release|Any CPU
		{0D3B6D02-ED86-4F73-B20E-D3FDB79F907F}.Release|Any CPU.Build.0 = Release|Any CPU
		{342A4E45-2363-44A7-AAEA-F4A6E91C58E9}.Debug|Any CPU.ActiveCfg = Debug|Any CPU
		{342A4E45-2363-44A7-AAEA-F4A6E91C58E9}.Debug|Any CPU.Build.0 = Debug|Any CPU
		{342A4E45-2363-44A7-AAEA-F4A6E91C58E9}.Release|Any CPU.ActiveCfg = Release|Any CPU
		{342A4E45-2363-44A7-AAEA-F4A6E91C58E9}.Release|Any CPU.Build.0 = Release|Any CPU
		{3D3BA074-754A-4AA5-9790-DBE1184D5A7B}.Debug|Any CPU.ActiveCfg = Debug|Any CPU
		{3D3BA074-754A-4AA5-9790-DBE1184D5A7B}.Debug|Any CPU.Build.0 = Debug|Any CPU
		{3D3BA074-754A-4AA5-9790-DBE1184D5A7B}.Release|Any CPU.ActiveCfg = Release|Any CPU
		{3D3BA074-754A-4AA5-9790-DBE1184D5A7B}.Release|Any CPU.Build.0 = Release|Any CPU
		{DD0956D7-6583-4F43-99BD-A1429D99494B}.Debug|Any CPU.ActiveCfg = Debug|Any CPU
		{DD0956D7-6583-4F43-99BD-A1429D99494B}.Debug|Any CPU.Build.0 = Debug|Any CPU
		{DD0956D7-6583-4F43-99BD-A1429D99494B}.Release|Any CPU.ActiveCfg = Release|Any CPU
		{DD0956D7-6583-4F43-99BD-A1429D99494B}.Release|Any CPU.Build.0 = Release|Any CPU
	EndGlobalSection
	GlobalSection(SolutionProperties) = preSolution
		HideSolutionNode = FALSE
	EndGlobalSection
EndGlobal
